
Microsoft Visual Studio Solution File, Format Version 12.00
# Visual Studio Version 17
VisualStudioVersion = 17.2.32630.192
MinimumVisualStudioVersion = 10.0.40219.1
Project("{8BC9CEB8-8B4A-11D0-8D11-00A0C91BC942}") = "Algo_35", "Algo_35\Algo_35.vcxproj", "{AA00F2A7-975F-43CE-9C71-5153E3AE049F}"
EndProject
Global
	GlobalSection(SolutionConfigurationPlatforms) = preSolution
		Debug|x64 = Debug|x64
		Debug|x86 = Debug|x86
		Release|x64 = Release|x64
		Release|x86 = Release|x86
	EndGlobalSection
	GlobalSection(ProjectConfigurationPlatforms) = postSolution
		{AA00F2A7-975F-43CE-9C71-5153E3AE049F}.Debug|x64.ActiveCfg = Debug|x64
		{AA00F2A7-975F-43CE-9C71-5153E3AE049F}.Debug|x64.Build.0 = Debug|x64
		{AA00F2A7-975F-43CE-9C71-5153E3AE049F}.Debug|x86.ActiveCfg = Debug|Win32
		{AA00F2A7-975F-43CE-9C71-5153E3AE049F}.Debug|x86.Build.0 = Debug|Win32
		{AA00F2A7-975F-43CE-9C71-5153E3AE049F}.Release|x64.ActiveCfg = Release|x64
		{AA00F2A7-975F-43CE-9C71-5153E3AE049F}.Release|x64.Build.0 = Release|x64
		{AA00F2A7-975F-43CE-9C71-5153E3AE049F}.Release|x86.ActiveCfg = Release|Win32
		{AA00F2A7-975F-43CE-9C71-5153E3AE049F}.Release|x86.Build.0 = Release|Win32
	EndGlobalSection
	GlobalSection(SolutionProperties) = preSolution
		HideSolutionNode = FALSE
	EndGlobalSection
	GlobalSection(ExtensibilityGlobals) = postSolution
		SolutionGuid = {17113476-BD13-4EA3-92AF-986EACD848B7}
	EndGlobalSection
EndGlobal
